
Microsoft Visual Studio Solution File, Format Version 12.00
# Visual Studio Version 16
VisualStudioVersion = 16.0.28922.388
MinimumVisualStudioVersion = 10.0.40219.1
Project("{2150E333-8FDC-42A3-9474-1A3956D46DE8}") = "src", "src", "{B82C676F-F33B-4D75-9BF8-88A4706F100A}"
EndProject
Project("{2150E333-8FDC-42A3-9474-1A3956D46DE8}") = "tests", "tests", "{0F2660AF-7B44-41DA-8C80-0093D5BEA653}"
EndProject
Project("{9A19103F-16F7-4668-BE54-9A1E7A4F7556}") = "PatrITech.WeChat.OfficialAccount.Tests", "tests\PatrITech.WeChat.OfficialAccount.Tests\PatrITech.WeChat.OfficialAccount.Tests.csproj", "{AC9000E7-E217-44EB-8EBF-4E7498FC922A}"
EndProject
Project("{9A19103F-16F7-4668-BE54-9A1E7A4F7556}") = "PatrITech.WeChat.OfficialAccount.Message", "src\PatrITech.WeChat.OfficialAccount.Message\PatrITech.WeChat.OfficialAccount.Message.csproj", "{055C591C-EAF4-49FD-B56C-C6A60B54A1BE}"
EndProject
Project("{9A19103F-16F7-4668-BE54-9A1E7A4F7556}") = "PatrITech.WeChat.Core", "src\PatrITech.WeChat.Core\PatrITech.WeChat.Core.csproj", "{EDA84EDC-88F0-4E79-A411-0DCA293761DF}"
EndProject
Project("{9A19103F-16F7-4668-BE54-9A1E7A4F7556}") = "PatrITech.WeChat.OfficialAccount.Token", "src\PatriTech.WeChat.OfficialAccount.Token\PatrITech.WeChat.OfficialAccount.Token.csproj", "{9FFE40AE-C585-4EA6-9B85-B05C9AF0AA41}"
EndProject
Project("{9A19103F-16F7-4668-BE54-9A1E7A4F7556}") = "PatrITech.WeChat.OfficialAccount.User", "src\PatrITech.WeChat.OfficialAccount.User\PatrITech.WeChat.OfficialAccount.User.csproj", "{998B6227-6421-4C5E-B3CA-E2E2AD249A19}"
EndProject
Project("{9A19103F-16F7-4668-BE54-9A1E7A4F7556}") = "PatrITech.WeChat.OfficialAccount", "src\PatrITech.WeChat.OfficialAccount\PatrITech.WeChat.OfficialAccount.csproj", "{D938464F-EDB3-4F3F-9F55-4DF8E327FE45}"
EndProject
Project("{9A19103F-16F7-4668-BE54-9A1E7A4F7556}") = "PatrITech.WeChat.Work", "src\PatrITech.WeChat.Work\PatrITech.WeChat.Work.csproj", "{4B67B646-626E-406B-9ABB-8C067C00C72A}"
EndProject
Project("{9A19103F-16F7-4668-BE54-9A1E7A4F7556}") = "PatrITech.WeChat.Work.Core", "src\PatrITech.WeChat.Work.Core\PatrITech.WeChat.Work.Core.csproj", "{8C11F099-BB69-41EC-96DC-1905E247CA27}"
EndProject
Project("{9A19103F-16F7-4668-BE54-9A1E7A4F7556}") = "PatrITech.WeChat.Work.Token", "src\PatrITech.WeChat.Work.Token\PatrITech.WeChat.Work.Token.csproj", "{A4D2BBDD-A13A-4A66-A36A-1FE670D00E36}"
EndProject
Project("{9A19103F-16F7-4668-BE54-9A1E7A4F7556}") = "PatrITech.WeChat.Work.Tests", "tests\PatrITech.WeChat.Work.Tests\PatrITech.WeChat.Work.Tests.csproj", "{7D29E040-91CC-4B96-AD45-2037B1DC07C0}"
EndProject
Project("{9A19103F-16F7-4668-BE54-9A1E7A4F7556}") = "PatrITech.WeChat.Work.Customer", "src\PatrITech.WeChat.Work.Customer\PatrITech.WeChat.Work.Customer.csproj", "{EC332F50-15A5-4D53-A986-4797E78EA7B8}"
EndProject
Project("{FAE04EC0-301F-11D3-BF4B-00C04F79EFBC}") = "PatrITech.WeChat.OfficialAccount.Core", "src\PatrITech.WeChat.OfficialAccount.Core\PatrITech.WeChat.OfficialAccount.Core.csproj", "{6BFF9FD0-8B1F-4D85-8BF9-719D7C6F1048}"
EndProject
Project("{9A19103F-16F7-4668-BE54-9A1E7A4F7556}") = "PatrITech.WeChat.Test", "tests\PatrITech.WeChat.Test\PatrITech.WeChat.Test.csproj", "{D71B284E-1344-4E97-B70B-87F499BCA4D0}"
EndProject
Global
	GlobalSection(SolutionConfigurationPlatforms) = preSolution
		Debug|Any CPU = Debug|Any CPU
		Release|Any CPU = Release|Any CPU
	EndGlobalSection
	GlobalSection(ProjectConfigurationPlatforms) = postSolution
		{AC9000E7-E217-44EB-8EBF-4E7498FC922A}.Debug|Any CPU.ActiveCfg = Debug|Any CPU
		{AC9000E7-E217-44EB-8EBF-4E7498FC922A}.Debug|Any CPU.Build.0 = Debug|Any CPU
		{AC9000E7-E217-44EB-8EBF-4E7498FC922A}.Release|Any CPU.ActiveCfg = Release|Any CPU
		{AC9000E7-E217-44EB-8EBF-4E7498FC922A}.Release|Any CPU.Build.0 = Release|Any CPU
		{055C591C-EAF4-49FD-B56C-C6A60B54A1BE}.Debug|Any CPU.ActiveCfg = Debug|Any CPU
		{055C591C-EAF4-49FD-B56C-C6A60B54A1BE}.Debug|Any CPU.Build.0 = Debug|Any CPU
		{055C591C-EAF4-49FD-B56C-C6A60B54A1BE}.Release|Any CPU.ActiveCfg = Release|Any CPU
		{055C591C-EAF4-49FD-B56C-C6A60B54A1BE}.Release|Any CPU.Build.0 = Release|Any CPU
		{EDA84EDC-88F0-4E79-A411-0DCA293761DF}.Debug|Any CPU.ActiveCfg = Debug|Any CPU
		{EDA84EDC-88F0-4E79-A411-0DCA293761DF}.Debug|Any CPU.Build.0 = Debug|Any CPU
		{EDA84EDC-88F0-4E79-A411-0DCA293761DF}.Release|Any CPU.ActiveCfg = Release|Any CPU
		{EDA84EDC-88F0-4E79-A411-0DCA293761DF}.Release|Any CPU.Build.0 = Release|Any CPU
		{9FFE40AE-C585-4EA6-9B85-B05C9AF0AA41}.Debug|Any CPU.ActiveCfg = Debug|Any CPU
		{9FFE40AE-C585-4EA6-9B85-B05C9AF0AA41}.Debug|Any CPU.Build.0 = Debug|Any CPU
		{9FFE40AE-C585-4EA6-9B85-B05C9AF0AA41}.Release|Any CPU.ActiveCfg = Release|Any CPU
		{9FFE40AE-C585-4EA6-9B85-B05C9AF0AA41}.Release|Any CPU.Build.0 = Release|Any CPU
		{998B6227-6421-4C5E-B3CA-E2E2AD249A19}.Debug|Any CPU.ActiveCfg = Debug|Any CPU
		{998B6227-6421-4C5E-B3CA-E2E2AD249A19}.Debug|Any CPU.Build.0 = Debug|Any CPU
		{998B6227-6421-4C5E-B3CA-E2E2AD249A19}.Release|Any CPU.ActiveCfg = Release|Any CPU
		{998B6227-6421-4C5E-B3CA-E2E2AD249A19}.Release|Any CPU.Build.0 = Release|Any CPU
		{D938464F-EDB3-4F3F-9F55-4DF8E327FE45}.Debug|Any CPU.ActiveCfg = Debug|Any CPU
		{D938464F-EDB3-4F3F-9F55-4DF8E327FE45}.Debug|Any CPU.Build.0 = Debug|Any CPU
		{D938464F-EDB3-4F3F-9F55-4DF8E327FE45}.Release|Any CPU.ActiveCfg = Release|Any CPU
		{D938464F-EDB3-4F3F-9F55-4DF8E327FE45}.Release|Any CPU.Build.0 = Release|Any CPU
		{4B67B646-626E-406B-9ABB-8C067C00C72A}.Debug|Any CPU.ActiveCfg = Debug|Any CPU
		{4B67B646-626E-406B-9ABB-8C067C00C72A}.Debug|Any CPU.Build.0 = Debug|Any CPU
		{4B67B646-626E-406B-9ABB-8C067C00C72A}.Release|Any CPU.ActiveCfg = Release|Any CPU
		{4B67B646-626E-406B-9ABB-8C067C00C72A}.Release|Any CPU.Build.0 = Release|Any CPU
		{8C11F099-BB69-41EC-96DC-1905E247CA27}.Debug|Any CPU.ActiveCfg = Debug|Any CPU
		{8C11F099-BB69-41EC-96DC-1905E247CA27}.Debug|Any CPU.Build.0 = Debug|Any CPU
		{8C11F099-BB69-41EC-96DC-1905E247CA27}.Release|Any CPU.ActiveCfg = Release|Any CPU
		{8C11F099-BB69-41EC-96DC-1905E247CA27}.Release|Any CPU.Build.0 = Release|Any CPU
		{A4D2BBDD-A13A-4A66-A36A-1FE670D00E36}.Debug|Any CPU.ActiveCfg = Debug|Any CPU
		{A4D2BBDD-A13A-4A66-A36A-1FE670D00E36}.Debug|Any CPU.Build.0 = Debug|Any CPU
		{A4D2BBDD-A13A-4A66-A36A-1FE670D00E36}.Release|Any CPU.ActiveCfg = Release|Any CPU
		{A4D2BBDD-A13A-4A66-A36A-1FE670D00E36}.Release|Any CPU.Build.0 = Release|Any CPU
		{7D29E040-91CC-4B96-AD45-2037B1DC07C0}.Debug|Any CPU.ActiveCfg = Debug|Any CPU
		{7D29E040-91CC-4B96-AD45-2037B1DC07C0}.Debug|Any CPU.Build.0 = Debug|Any CPU
		{7D29E040-91CC-4B96-AD45-2037B1DC07C0}.Release|Any CPU.ActiveCfg = Release|Any CPU
		{7D29E040-91CC-4B96-AD45-2037B1DC07C0}.Release|Any CPU.Build.0 = Release|Any CPU
		{EC332F50-15A5-4D53-A986-4797E78EA7B8}.Debug|Any CPU.ActiveCfg = Debug|Any CPU
		{EC332F50-15A5-4D53-A986-4797E78EA7B8}.Debug|Any CPU.Build.0 = Debug|Any CPU
		{EC332F50-15A5-4D53-A986-4797E78EA7B8}.Release|Any CPU.ActiveCfg = Release|Any CPU
		{EC332F50-15A5-4D53-A986-4797E78EA7B8}.Release|Any CPU.Build.0 = Release|Any CPU
		{6BFF9FD0-8B1F-4D85-8BF9-719D7C6F1048}.Debug|Any CPU.ActiveCfg = Debug|Any CPU
		{6BFF9FD0-8B1F-4D85-8BF9-719D7C6F1048}.Debug|Any CPU.Build.0 = Debug|Any CPU
		{6BFF9FD0-8B1F-4D85-8BF9-719D7C6F1048}.Release|Any CPU.ActiveCfg = Release|Any CPU
		{6BFF9FD0-8B1F-4D85-8BF9-719D7C6F1048}.Release|Any CPU.Build.0 = Release|Any CPU
		{D71B284E-1344-4E97-B70B-87F499BCA4D0}.Debug|Any CPU.ActiveCfg = Debug|Any CPU
		{D71B284E-1344-4E97-B70B-87F499BCA4D0}.Debug|Any CPU.Build.0 = Debug|Any CPU
		{D71B284E-1344-4E97-B70B-87F499BCA4D0}.Release|Any CPU.ActiveCfg = Release|Any CPU
		{D71B284E-1344-4E97-B70B-87F499BCA4D0}.Release|Any CPU.Build.0 = Release|Any CPU
	EndGlobalSection
	GlobalSection(SolutionProperties) = preSolution
		HideSolutionNode = FALSE
	EndGlobalSection
	GlobalSection(NestedProjects) = preSolution
		{AC9000E7-E217-44EB-8EBF-4E7498FC922A} = {0F2660AF-7B44-41DA-8C80-0093D5BEA653}
		{055C591C-EAF4-49FD-B56C-C6A60B54A1BE} = {B82C676F-F33B-4D75-9BF8-88A4706F100A}
		{EDA84EDC-88F0-4E79-A411-0DCA293761DF} = {B82C676F-F33B-4D75-9BF8-88A4706F100A}
		{9FFE40AE-C585-4EA6-9B85-B05C9AF0AA41} = {B82C676F-F33B-4D75-9BF8-88A4706F100A}
		{998B6227-6421-4C5E-B3CA-E2E2AD249A19} = {B82C676F-F33B-4D75-9BF8-88A4706F100A}
		{D938464F-EDB3-4F3F-9F55-4DF8E327FE45} = {B82C676F-F33B-4D75-9BF8-88A4706F100A}
		{4B67B646-626E-406B-9ABB-8C067C00C72A} = {B82C676F-F33B-4D75-9BF8-88A4706F100A}
		{8C11F099-BB69-41EC-96DC-1905E247CA27} = {B82C676F-F33B-4D75-9BF8-88A4706F100A}
		{A4D2BBDD-A13A-4A66-A36A-1FE670D00E36} = {B82C676F-F33B-4D75-9BF8-88A4706F100A}
		{7D29E040-91CC-4B96-AD45-2037B1DC07C0} = {0F2660AF-7B44-41DA-8C80-0093D5BEA653}
		{EC332F50-15A5-4D53-A986-4797E78EA7B8} = {B82C676F-F33B-4D75-9BF8-88A4706F100A}
		{6BFF9FD0-8B1F-4D85-8BF9-719D7C6F1048} = {B82C676F-F33B-4D75-9BF8-88A4706F100A}
		{D71B284E-1344-4E97-B70B-87F499BCA4D0} = {0F2660AF-7B44-41DA-8C80-0093D5BEA653}
	EndGlobalSection
	GlobalSection(ExtensibilityGlobals) = postSolution
		SolutionGuid = {4CE68077-E3C8-4342-B560-67B903F4C5B8}
	EndGlobalSection
EndGlobal
